// !$*UTF8*$!
{
	archiveVersion = 1;
	classes = {
	};
	objectVersion = 56;
	objects = {

/* Begin PBXBuildFile section */
		4C1482282A8E076700947877 /* PencilKitDemoApp.swift in Sources */ = {isa = PBXBuildFile; fileRef = 4C1482272A8E076700947877 /* PencilKitDemoApp.swift */; };
		4C14822A2A8E076700947877 /* DrawingView.swift in Sources */ = {isa = PBXBuildFile; fileRef = 4C1482292A8E076700947877 /* DrawingView.swift */; };
		4C14822C2A8E076A00947877 /* Assets.xcassets in Resources */ = {isa = PBXBuildFile; fileRef = 4C14822B2A8E076A00947877 /* Assets.xcassets */; };
		4C14822F2A8E076A00947877 /* Preview Assets.xcassets in Resources */ = {isa = PBXBuildFile; fileRef = 4C14822E2A8E076A00947877 /* Preview Assets.xcassets */; };
		4C1482362A8E317200947877 /* PencilKitView.swift in Sources */ = {isa = PBXBuildFile; fileRef = 4C1482352A8E317200947877 /* PencilKitView.swift */; };
		4C1482402A8EF65B00947877 /* DrawingViewModel.swift in Sources */ = {isa = PBXBuildFile; fileRef = 4C14823F2A8EF65B00947877 /* DrawingViewModel.swift */; };
		4C1482492A8F0E9E00947877 /* ContentView.swift in Sources */ = {isa = PBXBuildFile; fileRef = 4C1482482A8F0E9E00947877 /* ContentView.swift */; };
		4C14824B2A8F1C1800947877 /* ProgressModifier.swift in Sources */ = {isa = PBXBuildFile; fileRef = 4C14824A2A8F1C1800947877 /* ProgressModifier.swift */; };
/* End PBXBuildFile section */

/* Begin PBXFileReference section */
		4C1482242A8E076700947877 /* PencilKitDemo.app */ = {isa = PBXFileReference; explicitFileType = wrapper.application; includeInIndex = 0; path = PencilKitDemo.app; sourceTree = BUILT_PRODUCTS_DIR; };
		4C1482272A8E076700947877 /* PencilKitDemoApp.swift */ = {isa = PBXFileReference; lastKnownFileType = sourcecode.swift; path = PencilKitDemoApp.swift; sourceTree = "<group>"; };
		4C1482292A8E076700947877 /* DrawingView.swift */ = {isa = PBXFileReference; lastKnownFileType = sourcecode.swift; path = DrawingView.swift; sourceTree = "<group>"; };
		4C14822B2A8E076A00947877 /* Assets.xcassets */ = {isa = PBXFileReference; lastKnownFileType = folder.assetcatalog; path = Assets.xcassets; sourceTree = "<group>"; };
		4C14822E2A8E076A00947877 /* Preview Assets.xcassets */ = {isa = PBXFileReference; lastKnownFileType = folder.assetcatalog; path = "Preview Assets.xcassets"; sourceTree = "<group>"; };
		4C1482352A8E317200947877 /* PencilKitView.swift */ = {isa = PBXFileReference; lastKnownFileType = sourcecode.swift; path = PencilKitView.swift; sourceTree = "<group>"; };
		4C14823F2A8EF65B00947877 /* DrawingViewModel.swift */ = {isa = PBXFileReference; fileEncoding = 4; lastKnownFileType = sourcecode.swift; path = DrawingViewModel.swift; sourceTree = "<group>"; };
		4C1482482A8F0E9E00947877 /* ContentView.swift */ = {isa = PBXFileReference; fileEncoding = 4; lastKnownFileType = sourcecode.swift; path = ContentView.swift; sourceTree = "<group>"; };
		4C14824A2A8F1C1800947877 /* ProgressModifier.swift */ = {isa = PBXFileReference; lastKnownFileType = sourcecode.swift; path = ProgressModifier.swift; sourceTree = "<group>"; };
/* End PBXFileReference section */

/* Begin PBXFrameworksBuildPhase section */
		4C1482212A8E076700947877 /* Frameworks */ = {
			isa = PBXFrameworksBuildPhase;
			buildActionMask = 2147483647;
			files = (
			);
			runOnlyForDeploymentPostprocessing = 0;
		};
/* End PBXFrameworksBuildPhase section */

/* Begin PBXGroup section */
		4C14821B2A8E076700947877 = {
			isa = PBXGroup;
			children = (
				4C1482262A8E076700947877 /* PencilKitDemo */,
				4C1482252A8E076700947877 /* Products */,
			);
			sourceTree = "<group>";
		};
		4C1482252A8E076700947877 /* Products */ = {
			isa = PBXGroup;
			children = (
				4C1482242A8E076700947877 /* PencilKitDemo.app */,
			);
			name = Products;
			sourceTree = "<group>";
		};
		4C1482262A8E076700947877 /* PencilKitDemo */ = {
			isa = PBXGroup;
			children = (
				4C1482272A8E076700947877 /* PencilKitDemoApp.swift */,
				4C1482482A8F0E9E00947877 /* ContentView.swift */,
				4C14824F2A8F44CC00947877 /* Modules */,
				4C1482452A8F0DF100947877 /* Drawing */,
				4C14822B2A8E076A00947877 /* Assets.xcassets */,
				4C14822D2A8E076A00947877 /* Preview Content */,
			);
			path = PencilKitDemo;
			sourceTree = "<group>";
		};
		4C14822D2A8E076A00947877 /* Preview Content */ = {
			isa = PBXGroup;
			children = (
				4C14822E2A8E076A00947877 /* Preview Assets.xcassets */,
			);
			path = "Preview Content";
			sourceTree = "<group>";
		};
		4C1482452A8F0DF100947877 /* Drawing */ = {
			isa = PBXGroup;
			children = (
				4C1482292A8E076700947877 /* DrawingView.swift */,
				4C14823F2A8EF65B00947877 /* DrawingViewModel.swift */,
			);
			path = Drawing;
			sourceTree = "<group>";
		};
		4C14824F2A8F44CC00947877 /* Modules */ = {
			isa = PBXGroup;
			children = (
				4C1482522A8F53FC00947877 /* Modifiers */,
				4C1482512A8F53E800947877 /* Views */,
			);
			path = Modules;
			sourceTree = "<group>";
		};
		4C1482512A8F53E800947877 /* Views */ = {
			isa = PBXGroup;
			children = (
				4C1482352A8E317200947877 /* PencilKitView.swift */,
			);
			path = Views;
			sourceTree = "<group>";
		};
		4C1482522A8F53FC00947877 /* Modifiers */ = {
			isa = PBXGroup;
			children = (
				4C14824A2A8F1C1800947877 /* ProgressModifier.swift */,
			);
			path = Modifiers;
			sourceTree = "<group>";
		};
/* End PBXGroup section */

/* Begin PBXNativeTarget section */
		4C1482232A8E076700947877 /* PencilKitDemo */ = {
			isa = PBXNativeTarget;
			buildConfigurationList = 4C1482322A8E076A00947877 /* Build configuration list for PBXNativeTarget "PencilKitDemo" */;
			buildPhases = (
				4C1482202A8E076700947877 /* Sources */,
				4C1482212A8E076700947877 /* Frameworks */,
				4C1482222A8E076700947877 /* Resources */,
			);
			buildRules = (
			);
			dependencies = (
			);
			name = PencilKitDemo;
			productName = PencilKitDemo;
			productReference = 4C1482242A8E076700947877 /* PencilKitDemo.app */;
			productType = "com.apple.product-type.application";
		};
/* End PBXNativeTarget section */

/* Begin PBXProject section */
		4C14821C2A8E076700947877 /* Project object */ = {
			isa = PBXProject;
			attributes = {
				BuildIndependentTargetsInParallel = 1;
				LastSwiftUpdateCheck = 1430;
				LastUpgradeCheck = 1430;
				TargetAttributes = {
					4C1482232A8E076700947877 = {
						CreatedOnToolsVersion = 14.3.1;
					};
				};
			};
			buildConfigurationList = 4C14821F2A8E076700947877 /* Build configuration list for PBXProject "PencilKitDemo" */;
			compatibilityVersion = "Xcode 14.0";
			developmentRegion = en;
			hasScannedForEncodings = 0;
			knownRegions = (
				en,
				Base,
			);
			mainGroup = 4C14821B2A8E076700947877;
			productRefGroup = 4C1482252A8E076700947877 /* Products */;
			projectDirPath = "";
			projectRoot = "";
			targets = (
				4C1482232A8E076700947877 /* PencilKitDemo */,
			);
		};
/* End PBXProject section */

/* Begin PBXResourcesBuildPhase section */
		4C1482222A8E076700947877 /* Resources */ = {
			isa = PBXResourcesBuildPhase;
			buildActionMask = 2147483647;
			files = (
				4C14822F2A8E076A00947877 /* Preview Assets.xcassets in Resources */,
				4C14822C2A8E076A00947877 /* Assets.xcassets in Resources */,
			);
			runOnlyForDeploymentPostprocessing = 0;
		};
/* End PBXResourcesBuildPhase section */

/* Begin PBXSourcesBuildPhase section */
		4C1482202A8E076700947877 /* Sources */ = {
			isa = PBXSourcesBuildPhase;
			buildActionMask = 2147483647;
			files = (
				4C14822A2A8E076700947877 /* DrawingView.swift in Sources */,
				4C1482362A8E317200947877 /* PencilKitView.swift in Sources */,
				4C1482402A8EF65B00947877 /* DrawingViewModel.swift in Sources */,
				4C14824B2A8F1C1800947877 /* ProgressModifier.swift in Sources */,
				4C1482492A8F0E9E00947877 /* ContentView.swift in Sources */,
				4C1482282A8E076700947877 /* PencilKitDemoApp.swift in Sources */,
			);
			runOnlyForDeploymentPostprocessing = 0;
		};
/* End PBXSourcesBuildPhase section */

/* Begin XCBuildConfiguration section */
		4C1482302A8E076A00947877 /* Debug */ = {
			isa = XCBuildConfiguration;
			buildSettings = {
				ALWAYS_SEARCH_USER_PATHS = NO;
				CLANG_ANALYZER_NONNULL = YES;
				CLANG_ANALYZER_NUMBER_OBJECT_CONVERSION = YES_AGGRESSIVE;
				CLANG_CXX_LANGUAGE_STANDARD = "gnu++20";
				CLANG_ENABLE_MODULES = YES;
				CLANG_ENABLE_OBJC_ARC = YES;
				CLANG_ENABLE_OBJC_WEAK = YES;
				CLANG_WARN_BLOCK_CAPTURE_AUTORELEASING = YES;
				CLANG_WARN_BOOL_CONVERSION = YES;
				CLANG_WARN_COMMA = YES;
				CLANG_WARN_CONSTANT_CONVERSION = YES;
				CLANG_WARN_DEPRECATED_OBJC_IMPLEMENTATIONS = YES;
				CLANG_WARN_DIRECT_OBJC_ISA_USAGE = YES_ERROR;
				CLANG_WARN_DOCUMENTATION_COMMENTS = YES;
				CLANG_WARN_EMPTY_BODY = YES;
				CLANG_WARN_ENUM_CONVERSION = YES;
				CLANG_WARN_INFINITE_RECURSION = YES;
				CLANG_WARN_INT_CONVERSION = YES;
				CLANG_WARN_NON_LITERAL_NULL_CONVERSION = YES;
				CLANG_WARN_OBJC_IMPLICIT_RETAIN_SELF = YES;
				CLANG_WARN_OBJC_LITERAL_CONVERSION = YES;
				CLANG_WARN_OBJC_ROOT_CLASS = YES_ERROR;
				CLANG_WARN_QUOTED_INCLUDE_IN_FRAMEWORK_HEADER = YES;
				CLANG_WARN_RANGE_LOOP_ANALYSIS = YES;
				CLANG_WARN_STRICT_PROTOTYPES = YES;
				CLANG_WARN_SUSPICIOUS_MOVE = YES;
				CLANG_WARN_UNGUARDED_AVAILABILITY = YES_AGGRESSIVE;
				CLANG_WARN_UNREACHABLE_CODE = YES;
				CLANG_WARN__DUPLICATE_METHOD_MATCH = YES;
				COPY_PHASE_STRIP = NO;
				DEBUG_INFORMATION_FORMAT = dwarf;
				ENABLE_STRICT_OBJC_MSGSEND = YES;
				ENABLE_TESTABILITY = YES;
				GCC_C_LANGUAGE_STANDARD = gnu11;
				GCC_DYNAMIC_NO_PIC = NO;
				GCC_NO_COMMON_BLOCKS = YES;
				GCC_OPTIMIZATION_LEVEL = 0;
				GCC_PREPROCESSOR_DEFINITIONS = (
					"DEBUG=1",
					"$(inherited)",
				);
				GCC_WARN_64_TO_32_BIT_CONVERSION = YES;
				GCC_WARN_ABOUT_RETURN_TYPE = YES_ERROR;
				GCC_WARN_UNDECLARED_SELECTOR = YES;
				GCC_WARN_UNINITIALIZED_AUTOS = YES_AGGRESSIVE;
				GCC_WARN_UNUSED_FUNCTION = YES;
				GCC_WARN_UNUSED_VARIABLE = YES;
				IPHONEOS_DEPLOYMENT_TARGET = 16.4;
				MTL_ENABLE_DEBUG_INFO = INCLUDE_SOURCE;
				MTL_FAST_MATH = YES;
				ONLY_ACTIVE_ARCH = YES;
				SDKROOT = iphoneos;
				SWIFT_ACTIVE_COMPILATION_CONDITIONS = DEBUG;
				SWIFT_OPTIMIZATION_LEVEL = "-Onone";
			};
			name = Debug;
		};
		4C1482312A8E076A00947877 /* Release */ = {
			isa = XCBuildConfiguration;
			buildSettings = {
				ALWAYS_SEARCH_USER_PATHS = NO;
				CLANG_ANALYZER_NONNULL = YES;
				CLANG_ANALYZER_NUMBER_OBJECT_CONVERSION = YES_AGGRESSIVE;
				CLANG_CXX_LANGUAGE_STANDARD = "gnu++20";
				CLANG_ENABLE_MODULES = YES;
				CLANG_ENABLE_OBJC_ARC = YES;
				CLANG_ENABLE_OBJC_WEAK = YES;
				CLANG_WARN_BLOCK_CAPTURE_AUTORELEASING = YES;
				CLANG_WARN_BOOL_CONVERSION = YES;
				CLANG_WARN_COMMA = YES;
				CLANG_WARN_CONSTANT_CONVERSION = YES;
				CLANG_WARN_DEPRECATED_OBJC_IMPLEMENTATIONS = YES;
				CLANG_WARN_DIRECT_OBJC_ISA_USAGE = YES_ERROR;
				CLANG_WARN_DOCUMENTATION_COMMENTS = YES;
				CLANG_WARN_EMPTY_BODY = YES;
				CLANG_WARN_ENUM_CONVERSION = YES;
				CLANG_WARN_INFINITE_RECURSION = YES;
				CLANG_WARN_INT_CONVERSION = YES;
				CLANG_WARN_NON_LITERAL_NULL_CONVERSION = YES;
				CLANG_WARN_OBJC_IMPLICIT_RETAIN_SELF = YES;
				CLANG_WARN_OBJC_LITERAL_CONVERSION = YES;
				CLANG_WARN_OBJC_ROOT_CLASS = YES_ERROR;
				CLANG_WARN_QUOTED_INCLUDE_IN_FRAMEWORK_HEADER = YES;
				CLANG_WARN_RANGE_LOOP_ANALYSIS = YES;
				CLANG_WARN_STRICT_PROTOTYPES = YES;
				CLANG_WARN_SUSPICIOUS_MOVE = YES;
				CLANG_WARN_UNGUARDED_AVAILABILITY = YES_AGGRESSIVE;
				CLANG_WARN_UNREACHABLE_CODE = YES;
				CLANG_WARN__DUPLICATE_METHOD_MATCH = YES;
				COPY_PHASE_STRIP = NO;
				DEBUG_INFORMATION_FORMAT = "dwarf-with-dsym";
				ENABLE_NS_ASSERTIONS = NO;
				ENABLE_STRICT_OBJC_MSGSEND = YES;
				GCC_C_LANGUAGE_STANDARD = gnu11;
				GCC_NO_COMMON_BLOCKS = YES;
				GCC_WARN_64_TO_32_BIT_CONVERSION = YES;
				GCC_WARN_ABOUT_RETURN_TYPE = YES_ERROR;
				GCC_WARN_UNDECLARED_SELECTOR = YES;
				GCC_WARN_UNINITIALIZED_AUTOS = YES_AGGRESSIVE;
				GCC_WARN_UNUSED_FUNCTION = YES;
				GCC_WARN_UNUSED_VARIABLE = YES;
				IPHONEOS_DEPLOYMENT_TARGET = 16.4;
				MTL_ENABLE_DEBUG_INFO = NO;
				MTL_FAST_MATH = YES;
				SDKROOT = iphoneos;
				SWIFT_COMPILATION_MODE = wholemodule;
				SWIFT_OPTIMIZATION_LEVEL = "-O";
				VALIDATE_PRODUCT = YES;
			};
			name = Release;
		};
		4C1482332A8E076A00947877 /* Debug */ = {
			isa = XCBuildConfiguration;
			buildSettings = {
				ASSETCATALOG_COMPILER_APPICON_NAME = AppIcon;
				ASSETCATALOG_COMPILER_GLOBAL_ACCENT_COLOR_NAME = AccentColor;
				CODE_SIGN_STYLE = Automatic;
				CURRENT_PROJECT_VERSION = 1;
				DEVELOPMENT_ASSET_PATHS = "\"PencilKitDemo/Preview Content\"";
				DEVELOPMENT_TEAM = D8895LUF5C;
				ENABLE_PREVIEWS = YES;
				GENERATE_INFOPLIST_FILE = YES;
				INFOPLIST_KEY_UIApplicationSceneManifest_Generation = YES;
				INFOPLIST_KEY_UIApplicationSupportsIndirectInputEvents = YES;
				INFOPLIST_KEY_UILaunchScreen_Generation = YES;
				INFOPLIST_KEY_UISupportedInterfaceOrientations_iPad = "UIInterfaceOrientationPortrait UIInterfaceOrientationPortraitUpsideDown UIInterfaceOrientationLandscapeLeft UIInterfaceOrientationLandscapeRight";
				INFOPLIST_KEY_UISupportedInterfaceOrientations_iPhone = "UIInterfaceOrientationPortrait UIInterfaceOrientationLandscapeLeft UIInterfaceOrientationLandscapeRight";
				LD_RUNPATH_SEARCH_PATHS = (
					"$(inherited)",
					"@executable_path/Frameworks",
				);
				MARKETING_VERSION = 1.0;
				PRODUCT_BUNDLE_IDENTIFIER = "-.PencilKitDemo";
				PRODUCT_NAME = "$(TARGET_NAME)";
				SWIFT_EMIT_LOC_STRINGS = YES;
				SWIFT_VERSION = 5.0;
				TARGETED_DEVICE_FAMILY = "1,2";
			};
			name = Debug;
		};
		4C1482342A8E076A00947877 /* Release */ = {
			isa = XCBuildConfiguration;
			buildSettings = {
				ASSETCATALOG_COMPILER_APPICON_NAME = AppIcon;
				ASSETCATALOG_COMPILER_GLOBAL_ACCENT_COLOR_NAME = AccentColor;
				CODE_SIGN_STYLE = Automatic;
				CURRENT_PROJECT_VERSION = 1;
				DEVELOPMENT_ASSET_PATHS = "\"PencilKitDemo/Preview Content\"";
				DEVELOPMENT_TEAM = D8895LUF5C;
				ENABLE_PREVIEWS = YES;
				GENERATE_INFOPLIST_FILE = YES;
				INFOPLIST_KEY_UIApplicationSceneManifest_Generation = YES;
				INFOPLIST_KEY_UIApplicationSupportsIndirectInputEvents = YES;
				INFOPLIST_KEY_UILaunchScreen_Generation = YES;
				INFOPLIST_KEY_UISupportedInterfaceOrientations_iPad = "UIInterfaceOrientationPortrait UIInterfaceOrientationPortraitUpsideDown UIInterfaceOrientationLandscapeLeft UIInterfaceOrientationLandscapeRight";
				INFOPLIST_KEY_UISupportedInterfaceOrientations_iPhone = "UIInterfaceOrientationPortrait UIInterfaceOrientationLandscapeLeft UIInterfaceOrientationLandscapeRight";
				LD_RUNPATH_SEARCH_PATHS = (
					"$(inherited)",
					"@executable_path/Frameworks",
				);
				MARKETING_VERSION = 1.0;
				PRODUCT_BUNDLE_IDENTIFIER = "-.PencilKitDemo";
				PRODUCT_NAME = "$(TARGET_NAME)";
				SWIFT_EMIT_LOC_STRINGS = YES;
				SWIFT_VERSION = 5.0;
				TARGETED_DEVICE_FAMILY = "1,2";
			};
			name = Release;
		};
/* End XCBuildConfiguration section */

/* Begin XCConfigurationList section */
		4C14821F2A8E076700947877 /* Build configuration list for PBXProject "PencilKitDemo" */ = {
			isa = XCConfigurationList;
			buildConfigurations = (
				4C1482302A8E076A00947877 /* Debug */,
				4C1482312A8E076A00947877 /* Release */,
			);
			defaultConfigurationIsVisible = 0;
			defaultConfigurationName = Release;
		};
		4C1482322A8E076A00947877 /* Build configuration list for PBXNativeTarget "PencilKitDemo" */ = {
			isa = XCConfigurationList;
			buildConfigurations = (
				4C1482332A8E076A00947877 /* Debug */,
				4C1482342A8E076A00947877 /* Release */,
			);
			defaultConfigurationIsVisible = 0;
			defaultConfigurationName = Release;
		};
/* End XCConfigurationList section */
	};
	rootObject = 4C14821C2A8E076700947877 /* Project object */;
}
